{
  "version": 4,
  "terraform_version": "0.12.6",
  "serial": 1,
  "lineage": "52531c7c-7401-214a-9034-05b234d208c1",
  "outputs": {},
  "resources": [
    {
      "mode": "managed",
      "type": "google_container_cluster",
      "name": "gke-cluster",
      "provider": "provider.google",
      "instances": [
        {
          "schema_version": 1,
          "attributes": {
            "additional_zones": [],
            "addons_config": [
              {
                "cloudrun_config": [],
                "horizontal_pod_autoscaling": [],
                "http_load_balancing": [],
                "kubernetes_dashboard": [],
                "network_policy_config": [
                  {
                    "disabled": true
                  }
                ]
              }
            ],
            "authenticator_groups_config": [],
            "cluster_autoscaling": [
              {
                "auto_provisioning_defaults": [],
                "enabled": false,
                "resource_limits": []
              }
            ],
            "cluster_ipv4_cidr": "10.60.0.0/14",
            "default_max_pods_per_node": 110,
            "description": "",
            "enable_binary_authorization": false,
            "enable_intranode_visibility": null,
            "enable_kubernetes_alpha": false,
            "enable_legacy_abac": false,
            "enable_shielded_nodes": false,
            "enable_tpu": null,
            "endpoint": "35.246.134.31",
            "id": "projects/case-study-22/locations/europe-west3-c/clusters/case-study",
            "initial_node_count": 3,
            "instance_group_urls": [
              "https://www.googleapis.com/compute/v1/projects/case-study-22/zones/europe-west3-c/instanceGroups/gke-case-study-default-pool-8ad8a475-grp"
            ],
            "ip_allocation_policy": [],
            "label_fingerprint": "a9dc16a7",
            "location": "europe-west3-c",
            "logging_service": "logging.googleapis.com/kubernetes",
            "maintenance_policy": [],
            "master_auth": [
              {
                "client_certificate": "",
                "client_certificate_config": [
                  {
                    "issue_client_certificate": false
                  }
                ],
                "client_key": "",
                "cluster_ca_certificate": "LS0tLS1CRUdJTiBDRVJUSUZJQ0FURS0tLS0tCk1JSURERENDQWZTZ0F3SUJBZ0lSQU5oZS9idE9iNXlnSDZ2YllGakdXRWd3RFFZSktvWklodmNOQVFFTEJRQXcKTHpFdE1Dc0dBMVVFQXhNa1lUUmpaV05qWkRNdE1EbGlNUzAwT1RBeExXRmhOVFl0WkdObE9XVm1NVFprTW1VegpNQjRYRFRJd01EVXhOekUwTkRJeU0xb1hEVEkxTURVeE5qRTFOREl5TTFvd0x6RXRNQ3NHQTFVRUF4TWtZVFJqClpXTmpaRE10TURsaU1TMDBPVEF4TFdGaE5UWXRaR05sT1dWbU1UWmtNbVV6TUlJQklqQU5CZ2txaGtpRzl3MEIKQVFFRkFBT0NBUThBTUlJQkNnS0NBUUVBdHNJMGpNZEpjWXRabDA0Z3RwWTRVVGMwQ0Nja0ovcFZxTEh1dVJyLwpmMWdXdzN3TnNUbXJZZ0JxZklOeGZJeFcwM21uUVFPL0RGM1pCUjBMTWI4NGJZaEJvZWMrNG9sa1dXRVdSNjZqCm40d0cyZTZXaVlkZWNVRWJCaWhwZVB5ckxqMTJXT09MS3lyVUdnK0FkSzQyODYvQkxlc0VlWkRHUFZrc2lRdXkKTFVPTk5CSGNVY2NxTmE1OUE4dlcraEJjc2F2RU0wMVpCc0tmT1VsL0RvejF3QWVodjlJRWEzQy9LRVdXUkhWWgpySDdDb2FkYjJ0NmJHM1V0dElzVmVBbGZMVk1lMCtSZnNpbXpTNFA4aHhPdVpSUDVvZVIyLzVZa1g1RG54bksvCkdoR3FzV3N4OFVvbXJiRFNuV2lxT2RQcjZ0L0pQTTNwT3JORnhlMjFKTWZlandJREFRQUJveU13SVRBT0JnTlYKSFE4QkFmOEVCQU1DQWdRd0R3WURWUjBUQVFIL0JBVXdBd0VCL3pBTkJna3Foa2lHOXcwQkFRc0ZBQU9DQVFFQQpPNVJUK01QNGpXek80SWo3bEFJTHI3QlJJK3hoK0QrK0ozeTZHMlM1SGUvYlNKcDRWd242RDh1QjdMT09EamR0ClhMNG1pSllPYnJNeHlkdURTdS9rLzBSdmh0NHVIeHZ1dWljZ3ZvOHNFMkFGdFN1aDNvSTFpUC95cjFaK01tWWMKLzBreFVmaks3WjVCT0FncjNQaktMTWlLcnpHNEN6b1VaMC9CUUFyVG1EOHhlbmxHc0Q0azhJZmpoR1l1MnN5MQozWks2N01aeXRVUXpFV09HdjErMGlURTVzclV6dkJCZ3RKMFg4aG0zYlJ4UVB2ZmppbVlOelVPaUwzdXYvVFZYCkJLRUFpUjY0cmRtUmkyaTZUMTgweGErVENTVWN2Vjd2RWVkdG9QOEFPSEZ6TjFSdFAyNzFQUGpTRjVJVFJFMzMKUzhLSkJ3ZFVtS2cvVTdidnVzWmJ6Zz09Ci0tLS0tRU5EIENFUlRJRklDQVRFLS0tLS0K",
                "password": "",
                "username": ""
              }
            ],
            "master_authorized_networks_config": [],
            "master_version": "1.14.10-gke.27",
            "min_master_version": null,
            "monitoring_service": "monitoring.googleapis.com/kubernetes",
            "name": "case-study",
            "network": "projects/case-study-22/global/networks/default",
            "network_policy": [
              {
                "enabled": false,
                "provider": "PROVIDER_UNSPECIFIED"
              }
            ],
            "node_config": [
              {
                "disk_size_gb": 100,
                "disk_type": "pd-standard",
                "guest_accelerator": [],
                "image_type": "COS",
                "labels": {},
                "local_ssd_count": 0,
                "machine_type": "n1-standard-1",
                "metadata": {
                  "disable-legacy-endpoints": "true"
                },
                "min_cpu_platform": "",
                "oauth_scopes": [
                  "https://www.googleapis.com/auth/devstorage.read_only",
                  "https://www.googleapis.com/auth/logging.write",
                  "https://www.googleapis.com/auth/monitoring",
                  "https://www.googleapis.com/auth/service.management.readonly",
                  "https://www.googleapis.com/auth/servicecontrol",
                  "https://www.googleapis.com/auth/trace.append"
                ],
                "preemptible": false,
                "sandbox_config": [],
                "service_account": "default",
                "shielded_instance_config": [
                  {
                    "enable_integrity_monitoring": true,
                    "enable_secure_boot": false
                  }
                ],
                "tags": [],
                "taint": [],
                "workload_metadata_config": []
              }
            ],
            "node_locations": [],
            "node_pool": [
              {
                "autoscaling": [],
                "initial_node_count": 3,
                "instance_group_urls": [
                  "https://www.googleapis.com/compute/v1/projects/case-study-22/zones/europe-west3-c/instanceGroupManagers/gke-case-study-default-pool-8ad8a475-grp"
                ],
                "management": [
                  {
                    "auto_repair": false,
                    "auto_upgrade": true
                  }
                ],
                "max_pods_per_node": 0,
                "name": "default-pool",
                "name_prefix": "",
                "node_config": [
                  {
                    "disk_size_gb": 100,
                    "disk_type": "pd-standard",
                    "guest_accelerator": [],
                    "image_type": "COS",
                    "labels": {},
                    "local_ssd_count": 0,
                    "machine_type": "n1-standard-1",
                    "metadata": {
                      "disable-legacy-endpoints": "true"
                    },
                    "min_cpu_platform": "",
                    "oauth_scopes": [
                      "https://www.googleapis.com/auth/devstorage.read_only",
                      "https://www.googleapis.com/auth/logging.write",
                      "https://www.googleapis.com/auth/monitoring",
                      "https://www.googleapis.com/auth/service.management.readonly",
                      "https://www.googleapis.com/auth/servicecontrol",
                      "https://www.googleapis.com/auth/trace.append"
                    ],
                    "preemptible": false,
                    "sandbox_config": [],
                    "service_account": "default",
                    "shielded_instance_config": [
                      {
                        "enable_integrity_monitoring": true,
                        "enable_secure_boot": false
                      }
                    ],
                    "tags": [],
                    "taint": [],
                    "workload_metadata_config": []
                  }
                ],
                "node_count": 3,
                "node_locations": [
                  "europe-west3-c"
                ],
                "upgrade_settings": [
                  {
                    "max_surge": 1,
                    "max_unavailable": 0
                  }
                ],
                "version": "1.14.10-gke.27"
              }
            ],
            "node_version": "1.14.10-gke.27",
            "operation": null,
            "pod_security_policy_config": null,
            "private_cluster_config": [],
            "project": "case-study-22",
            "region": null,
            "remove_default_node_pool": null,
            "resource_labels": null,
            "resource_usage_export_config": [],
            "services_ipv4_cidr": "10.63.240.0/20",
            "subnetwork": "projects/case-study-22/regions/europe-west3/subnetworks/default",
            "timeouts": null,
            "vertical_pod_autoscaling": [],
            "zone": null
          },
          "private": "eyJlMmJmYjczMC1lY2FhLTExZTYtOGY4OC0zNDM2M2JjN2M0YzAiOnsiY3JlYXRlIjoyNDAwMDAwMDAwMDAwLCJkZWxldGUiOjI0MDAwMDAwMDAwMDAsInJlYWQiOjI0MDAwMDAwMDAwMDAsInVwZGF0ZSI6MzYwMDAwMDAwMDAwMH0sInNjaGVtYV92ZXJzaW9uIjoiMSJ9"
        }
      ]
    }
  ]
}
